
Microsoft Visual Studio Solution File, Format Version 12.00
# Visual Studio Version 16
VisualStudioVersion = 16.0.32002.261
MinimumVisualStudioVersion = 10.0.40219.1
Project("{FAE04EC0-301F-11D3-BF4B-00C04F79EFBC}") = "MainMethodSubmissionAssignment", "MainMethodSubmissionAssignment\MainMethodSubmissionAssignment.csproj", "{995C1604-72B0-4E0A-AC4A-E5714F9683BF}"
EndProject
Global
	GlobalSection(SolutionConfigurationPlatforms) = preSolution
		Debug|Any CPU = Debug|Any CPU
		Release|Any CPU = Release|Any CPU
	EndGlobalSection
	GlobalSection(ProjectConfigurationPlatforms) = postSolution
		{995C1604-72B0-4E0A-AC4A-E5714F9683BF}.Debug|Any CPU.ActiveCfg = Debug|Any CPU
		{995C1604-72B0-4E0A-AC4A-E5714F9683BF}.Debug|Any CPU.Build.0 = Debug|Any CPU
		{995C1604-72B0-4E0A-AC4A-E5714F9683BF}.Release|Any CPU.ActiveCfg = Release|Any CPU
		{995C1604-72B0-4E0A-AC4A-E5714F9683BF}.Release|Any CPU.Build.0 = Release|Any CPU
	EndGlobalSection
	GlobalSection(SolutionProperties) = preSolution
		HideSolutionNode = FALSE
	EndGlobalSection
	GlobalSection(ExtensibilityGlobals) = postSolution
		SolutionGuid = {D86A1B0C-1DB8-4B62-BF28-5998B5E7E367}
	EndGlobalSection
EndGlobal
