
Microsoft Visual Studio Solution File, Format Version 12.00
# Visual Studio Version 16
VisualStudioVersion = 16.0.32002.261
MinimumVisualStudioVersion = 10.0.40219.1
Project("{FAE04EC0-301F-11D3-BF4B-00C04F79EFBC}") = "OperatorSubmissionAssignment", "OperatorSubmissionAssignment\OperatorSubmissionAssignment.csproj", "{2D09574D-BD70-41CD-A3F6-5508B5C287E6}"
EndProject
Global
	GlobalSection(SolutionConfigurationPlatforms) = preSolution
		Debug|Any CPU = Debug|Any CPU
		Release|Any CPU = Release|Any CPU
	EndGlobalSection
	GlobalSection(ProjectConfigurationPlatforms) = postSolution
		{2D09574D-BD70-41CD-A3F6-5508B5C287E6}.Debug|Any CPU.ActiveCfg = Debug|Any CPU
		{2D09574D-BD70-41CD-A3F6-5508B5C287E6}.Debug|Any CPU.Build.0 = Debug|Any CPU
		{2D09574D-BD70-41CD-A3F6-5508B5C287E6}.Release|Any CPU.ActiveCfg = Release|Any CPU
		{2D09574D-BD70-41CD-A3F6-5508B5C287E6}.Release|Any CPU.Build.0 = Release|Any CPU
	EndGlobalSection
	GlobalSection(SolutionProperties) = preSolution
		HideSolutionNode = FALSE
	EndGlobalSection
	GlobalSection(ExtensibilityGlobals) = postSolution
		SolutionGuid = {6419B7A4-06A8-481F-866A-515729F49EAF}
	EndGlobalSection
EndGlobal
