
Microsoft Visual Studio Solution File, Format Version 12.00
# Visual Studio Version 16
VisualStudioVersion = 16.0.32002.261
MinimumVisualStudioVersion = 10.0.40219.1
Project("{FAE04EC0-301F-11D3-BF4B-00C04F79EFBC}") = "WebApplication7", "WebApplication7\WebApplication7.csproj", "{EE10FF28-2D99-4530-A162-0E88BE9C9759}"
EndProject
Global
	GlobalSection(SolutionConfigurationPlatforms) = preSolution
		Debug|Any CPU = Debug|Any CPU
		Release|Any CPU = Release|Any CPU
	EndGlobalSection
	GlobalSection(ProjectConfigurationPlatforms) = postSolution
		{EE10FF28-2D99-4530-A162-0E88BE9C9759}.Debug|Any CPU.ActiveCfg = Debug|Any CPU
		{EE10FF28-2D99-4530-A162-0E88BE9C9759}.Debug|Any CPU.Build.0 = Debug|Any CPU
		{EE10FF28-2D99-4530-A162-0E88BE9C9759}.Release|Any CPU.ActiveCfg = Release|Any CPU
		{EE10FF28-2D99-4530-A162-0E88BE9C9759}.Release|Any CPU.Build.0 = Release|Any CPU
	EndGlobalSection
	GlobalSection(SolutionProperties) = preSolution
		HideSolutionNode = FALSE
	EndGlobalSection
	GlobalSection(ExtensibilityGlobals) = postSolution
		SolutionGuid = {ADE885F3-1DAC-4666-884D-20AA8448E911}
	EndGlobalSection
EndGlobal
