
Microsoft Visual Studio Solution File, Format Version 12.00
# Visual Studio Version 16
VisualStudioVersion = 16.0.32002.261
MinimumVisualStudioVersion = 10.0.40219.1
Project("{FAE04EC0-301F-11D3-BF4B-00C04F79EFBC}") = "WebApplication4", "WebApplication4\WebApplication4.csproj", "{451D7A6E-805E-4A86-B8B1-A7870BB42E5F}"
EndProject
Global
	GlobalSection(SolutionConfigurationPlatforms) = preSolution
		Debug|Any CPU = Debug|Any CPU
		Release|Any CPU = Release|Any CPU
	EndGlobalSection
	GlobalSection(ProjectConfigurationPlatforms) = postSolution
		{451D7A6E-805E-4A86-B8B1-A7870BB42E5F}.Debug|Any CPU.ActiveCfg = Debug|Any CPU
		{451D7A6E-805E-4A86-B8B1-A7870BB42E5F}.Debug|Any CPU.Build.0 = Debug|Any CPU
		{451D7A6E-805E-4A86-B8B1-A7870BB42E5F}.Release|Any CPU.ActiveCfg = Release|Any CPU
		{451D7A6E-805E-4A86-B8B1-A7870BB42E5F}.Release|Any CPU.Build.0 = Release|Any CPU
	EndGlobalSection
	GlobalSection(SolutionProperties) = preSolution
		HideSolutionNode = FALSE
	EndGlobalSection
	GlobalSection(ExtensibilityGlobals) = postSolution
		SolutionGuid = {C3715631-604E-40C0-8A6C-D4BB1015635E}
	EndGlobalSection
EndGlobal
