
Microsoft Visual Studio Solution File, Format Version 12.00
# Visual Studio Version 16
VisualStudioVersion = 16.0.32002.261
MinimumVisualStudioVersion = 10.0.40219.1
Project("{FAE04EC0-301F-11D3-BF4B-00C04F79EFBC}") = "WebApplication15", "WebApplication15\WebApplication15.csproj", "{4A13FB10-0232-4A00-B8C2-3B8E67620DF5}"
EndProject
Global
	GlobalSection(SolutionConfigurationPlatforms) = preSolution
		Debug|Any CPU = Debug|Any CPU
		Release|Any CPU = Release|Any CPU
	EndGlobalSection
	GlobalSection(ProjectConfigurationPlatforms) = postSolution
		{4A13FB10-0232-4A00-B8C2-3B8E67620DF5}.Debug|Any CPU.ActiveCfg = Debug|Any CPU
		{4A13FB10-0232-4A00-B8C2-3B8E67620DF5}.Debug|Any CPU.Build.0 = Debug|Any CPU
		{4A13FB10-0232-4A00-B8C2-3B8E67620DF5}.Release|Any CPU.ActiveCfg = Release|Any CPU
		{4A13FB10-0232-4A00-B8C2-3B8E67620DF5}.Release|Any CPU.Build.0 = Release|Any CPU
	EndGlobalSection
	GlobalSection(SolutionProperties) = preSolution
		HideSolutionNode = FALSE
	EndGlobalSection
	GlobalSection(ExtensibilityGlobals) = postSolution
		SolutionGuid = {E1729988-E2E6-4724-81DD-90ED520FCD1B}
	EndGlobalSection
EndGlobal
