
Microsoft Visual Studio Solution File, Format Version 12.00
# Visual Studio Version 16
VisualStudioVersion = 16.0.31911.196
MinimumVisualStudioVersion = 10.0.40219.1
Project("{FAE04EC0-301F-11D3-BF4B-00C04F79EFBC}") = "Loop.cs", "Loop.cs\Loop.cs.csproj", "{2297A4B3-136B-414F-B73F-8448D6F434AB}"
EndProject
Global
	GlobalSection(SolutionConfigurationPlatforms) = preSolution
		Debug|Any CPU = Debug|Any CPU
		Release|Any CPU = Release|Any CPU
	EndGlobalSection
	GlobalSection(ProjectConfigurationPlatforms) = postSolution
		{2297A4B3-136B-414F-B73F-8448D6F434AB}.Debug|Any CPU.ActiveCfg = Debug|Any CPU
		{2297A4B3-136B-414F-B73F-8448D6F434AB}.Debug|Any CPU.Build.0 = Debug|Any CPU
		{2297A4B3-136B-414F-B73F-8448D6F434AB}.Release|Any CPU.ActiveCfg = Release|Any CPU
		{2297A4B3-136B-414F-B73F-8448D6F434AB}.Release|Any CPU.Build.0 = Release|Any CPU
	EndGlobalSection
	GlobalSection(SolutionProperties) = preSolution
		HideSolutionNode = FALSE
	EndGlobalSection
	GlobalSection(ExtensibilityGlobals) = postSolution
		SolutionGuid = {0357ED7F-6BD1-40DA-85EB-D8831D183947}
	EndGlobalSection
EndGlobal
