
Microsoft Visual Studio Solution File, Format Version 12.00
# Visual Studio Version 16
VisualStudioVersion = 16.0.31911.196
MinimumVisualStudioVersion = 10.0.40219.1
Project("{FAE04EC0-301F-11D3-BF4B-00C04F79EFBC}") = "ConsoleAppPart2.cs", "ConsoleAppPart2.cs\ConsoleAppPart2.cs.csproj", "{EFF7305F-8BFA-4D1D-BE39-C5C393E758F6}"
EndProject
Global
	GlobalSection(SolutionConfigurationPlatforms) = preSolution
		Debug|Any CPU = Debug|Any CPU
		Release|Any CPU = Release|Any CPU
	EndGlobalSection
	GlobalSection(ProjectConfigurationPlatforms) = postSolution
		{EFF7305F-8BFA-4D1D-BE39-C5C393E758F6}.Debug|Any CPU.ActiveCfg = Debug|Any CPU
		{EFF7305F-8BFA-4D1D-BE39-C5C393E758F6}.Debug|Any CPU.Build.0 = Debug|Any CPU
		{EFF7305F-8BFA-4D1D-BE39-C5C393E758F6}.Release|Any CPU.ActiveCfg = Release|Any CPU
		{EFF7305F-8BFA-4D1D-BE39-C5C393E758F6}.Release|Any CPU.Build.0 = Release|Any CPU
	EndGlobalSection
	GlobalSection(SolutionProperties) = preSolution
		HideSolutionNode = FALSE
	EndGlobalSection
	GlobalSection(ExtensibilityGlobals) = postSolution
		SolutionGuid = {44B144EC-729E-4B56-8DF5-F13A8C5BA711}
	EndGlobalSection
EndGlobal
