
Microsoft Visual Studio Solution File, Format Version 12.00
# Visual Studio Version 16
VisualStudioVersion = 16.0.31911.196
MinimumVisualStudioVersion = 10.0.40219.1
Project("{FAE04EC0-301F-11D3-BF4B-00C04F79EFBC}") = "ConsoleAppPart3.cs", "ConsoleAppPart3.cs\ConsoleAppPart3.cs.csproj", "{DE16B363-059A-4480-AF2C-8FF31835E11F}"
EndProject
Global
	GlobalSection(SolutionConfigurationPlatforms) = preSolution
		Debug|Any CPU = Debug|Any CPU
		Release|Any CPU = Release|Any CPU
	EndGlobalSection
	GlobalSection(ProjectConfigurationPlatforms) = postSolution
		{DE16B363-059A-4480-AF2C-8FF31835E11F}.Debug|Any CPU.ActiveCfg = Debug|Any CPU
		{DE16B363-059A-4480-AF2C-8FF31835E11F}.Debug|Any CPU.Build.0 = Debug|Any CPU
		{DE16B363-059A-4480-AF2C-8FF31835E11F}.Release|Any CPU.ActiveCfg = Release|Any CPU
		{DE16B363-059A-4480-AF2C-8FF31835E11F}.Release|Any CPU.Build.0 = Release|Any CPU
	EndGlobalSection
	GlobalSection(SolutionProperties) = preSolution
		HideSolutionNode = FALSE
	EndGlobalSection
	GlobalSection(ExtensibilityGlobals) = postSolution
		SolutionGuid = {CAD8CCB1-6D40-47EA-9F23-9DA4AE89828F}
	EndGlobalSection
EndGlobal
