
Microsoft Visual Studio Solution File, Format Version 12.00
# Visual Studio Version 16
VisualStudioVersion = 16.0.32002.261
MinimumVisualStudioVersion = 10.0.40219.1
Project("{FAE04EC0-301F-11D3-BF4B-00C04F79EFBC}") = "Scores", "Scores\Scores.csproj", "{298F4090-DF07-4978-890E-C1EBC2FECC87}"
EndProject
Global
	GlobalSection(SolutionConfigurationPlatforms) = preSolution
		Debug|Any CPU = Debug|Any CPU
		Release|Any CPU = Release|Any CPU
	EndGlobalSection
	GlobalSection(ProjectConfigurationPlatforms) = postSolution
		{298F4090-DF07-4978-890E-C1EBC2FECC87}.Debug|Any CPU.ActiveCfg = Debug|Any CPU
		{298F4090-DF07-4978-890E-C1EBC2FECC87}.Debug|Any CPU.Build.0 = Debug|Any CPU
		{298F4090-DF07-4978-890E-C1EBC2FECC87}.Release|Any CPU.ActiveCfg = Release|Any CPU
		{298F4090-DF07-4978-890E-C1EBC2FECC87}.Release|Any CPU.Build.0 = Release|Any CPU
	EndGlobalSection
	GlobalSection(SolutionProperties) = preSolution
		HideSolutionNode = FALSE
	EndGlobalSection
	GlobalSection(ExtensibilityGlobals) = postSolution
		SolutionGuid = {80B32FD0-4F4C-4E35-8904-3F257EFC44A8}
	EndGlobalSection
EndGlobal
