
Microsoft Visual Studio Solution File, Format Version 12.00
# Visual Studio Version 16
VisualStudioVersion = 16.0.31911.196
MinimumVisualStudioVersion = 10.0.40219.1
Project("{FAE04EC0-301F-11D3-BF4B-00C04F79EFBC}") = "ConsoleAppPart4.cs", "ConsoleAppPart4.cs\ConsoleAppPart4.cs.csproj", "{F05819C7-61B1-48D6-A35F-D57E78922142}"
EndProject
Global
	GlobalSection(SolutionConfigurationPlatforms) = preSolution
		Debug|Any CPU = Debug|Any CPU
		Release|Any CPU = Release|Any CPU
	EndGlobalSection
	GlobalSection(ProjectConfigurationPlatforms) = postSolution
		{F05819C7-61B1-48D6-A35F-D57E78922142}.Debug|Any CPU.ActiveCfg = Debug|Any CPU
		{F05819C7-61B1-48D6-A35F-D57E78922142}.Debug|Any CPU.Build.0 = Debug|Any CPU
		{F05819C7-61B1-48D6-A35F-D57E78922142}.Release|Any CPU.ActiveCfg = Release|Any CPU
		{F05819C7-61B1-48D6-A35F-D57E78922142}.Release|Any CPU.Build.0 = Release|Any CPU
	EndGlobalSection
	GlobalSection(SolutionProperties) = preSolution
		HideSolutionNode = FALSE
	EndGlobalSection
	GlobalSection(ExtensibilityGlobals) = postSolution
		SolutionGuid = {BF3EB25E-EECE-40C8-A440-F8B48A3A6F7F}
	EndGlobalSection
EndGlobal
