
Microsoft Visual Studio Solution File, Format Version 12.00
# Visual Studio Version 16
VisualStudioVersion = 16.0.32002.261
MinimumVisualStudioVersion = 10.0.40219.1
Project("{FAE04EC0-301F-11D3-BF4B-00C04F79EFBC}") = "DateTime Submition", "DateTime Submition\DateTime Submition.csproj", "{29E5BFC3-5B96-4F3D-89D6-DC8792A8E105}"
EndProject
Global
	GlobalSection(SolutionConfigurationPlatforms) = preSolution
		Debug|Any CPU = Debug|Any CPU
		Release|Any CPU = Release|Any CPU
	EndGlobalSection
	GlobalSection(ProjectConfigurationPlatforms) = postSolution
		{29E5BFC3-5B96-4F3D-89D6-DC8792A8E105}.Debug|Any CPU.ActiveCfg = Debug|Any CPU
		{29E5BFC3-5B96-4F3D-89D6-DC8792A8E105}.Debug|Any CPU.Build.0 = Debug|Any CPU
		{29E5BFC3-5B96-4F3D-89D6-DC8792A8E105}.Release|Any CPU.ActiveCfg = Release|Any CPU
		{29E5BFC3-5B96-4F3D-89D6-DC8792A8E105}.Release|Any CPU.Build.0 = Release|Any CPU
	EndGlobalSection
	GlobalSection(SolutionProperties) = preSolution
		HideSolutionNode = FALSE
	EndGlobalSection
	GlobalSection(ExtensibilityGlobals) = postSolution
		SolutionGuid = {77C0D864-27AC-44F3-8966-C49C84FBE0B0}
	EndGlobalSection
EndGlobal
